
Microsoft Visual Studio Solution File, Format Version 12.00
# Visual Studio Version 17
VisualStudioVersion = 17.1.32407.343
MinimumVisualStudioVersion = 10.0.40219.1
Project("{9A19103F-16F7-4668-BE54-9A1E7A4F7556}") = "Domain", "src\Domain\Domain.csproj", "{8845A5CD-B43E-4016-B6B8-AC4919A62E2D}"
EndProject
Project("{9A19103F-16F7-4668-BE54-9A1E7A4F7556}") = "Infrastructure.DataBase", "src\Infrastructure.DataBase\Infrastructure.DataBase.csproj", "{38F1058D-99FB-4816-8A65-AF9002AB828A}"
EndProject
Project("{9A19103F-16F7-4668-BE54-9A1E7A4F7556}") = "Infrastructure.DataBase.Abstract", "src\infrastructure.DataBase.Abstract\Infrastructure.DataBase.Abstract.csproj", "{452734D0-D638-429E-A1F9-744DD6A02DD1}"
EndProject
Project("{9A19103F-16F7-4668-BE54-9A1E7A4F7556}") = "Utils", "src\Utils\Utils.csproj", "{700A4922-C1ED-4117-BB9F-81BEB3A0EABC}"
EndProject
Project("{9A19103F-16F7-4668-BE54-9A1E7A4F7556}") = "Application", "src\Application\Application.csproj", "{8CDEEABF-14A1-4D66-8776-C66843115A49}"
EndProject
Project("{9A19103F-16F7-4668-BE54-9A1E7A4F7556}") = "Webapi", "src\Webapi\Webapi.csproj", "{20001EA5-908F-47F0-96DE-0BE8DDA9FA70}"
EndProject
Project("{9A19103F-16F7-4668-BE54-9A1E7A4F7556}") = "Infrastructure.FileSystem", "src\Infrastructure.FileSystem\Infrastructure.FileSystem.csproj", "{1091DC5C-0C8F-45CB-8FE9-F4FA4A52AA3B}"
EndProject
Project("{9A19103F-16F7-4668-BE54-9A1E7A4F7556}") = "Infrastructure.FileSystem.Abstraction", "src\Infrastructure.FileSystem.Abstraction\Infrastructure.FileSystem.Abstraction.csproj", "{A96BCDB3-DFDA-4B10-8EE4-2C2AA2A1D481}"
EndProject
Project("{2150E333-8FDC-42A3-9474-1A3956D46DE8}") = "Tests", "Tests", "{6251FB7A-13A6-48C3-9FAA-A519E7EC95AA}"
EndProject
Project("{9A19103F-16F7-4668-BE54-9A1E7A4F7556}") = "Application.UnitTesting", "src\Tests\Application.UnitTesting\Application.UnitTesting.csproj", "{93B42664-C01C-4681-B980-C08D47A84242}"
EndProject
Global
	GlobalSection(SolutionConfigurationPlatforms) = preSolution
		Debug|Any CPU = Debug|Any CPU
		Release|Any CPU = Release|Any CPU
	EndGlobalSection
	GlobalSection(ProjectConfigurationPlatforms) = postSolution
		{8845A5CD-B43E-4016-B6B8-AC4919A62E2D}.Debug|Any CPU.ActiveCfg = Debug|Any CPU
		{8845A5CD-B43E-4016-B6B8-AC4919A62E2D}.Debug|Any CPU.Build.0 = Debug|Any CPU
		{8845A5CD-B43E-4016-B6B8-AC4919A62E2D}.Release|Any CPU.ActiveCfg = Release|Any CPU
		{8845A5CD-B43E-4016-B6B8-AC4919A62E2D}.Release|Any CPU.Build.0 = Release|Any CPU
		{38F1058D-99FB-4816-8A65-AF9002AB828A}.Debug|Any CPU.ActiveCfg = Debug|Any CPU
		{38F1058D-99FB-4816-8A65-AF9002AB828A}.Debug|Any CPU.Build.0 = Debug|Any CPU
		{38F1058D-99FB-4816-8A65-AF9002AB828A}.Release|Any CPU.ActiveCfg = Release|Any CPU
		{38F1058D-99FB-4816-8A65-AF9002AB828A}.Release|Any CPU.Build.0 = Release|Any CPU
		{452734D0-D638-429E-A1F9-744DD6A02DD1}.Debug|Any CPU.ActiveCfg = Debug|Any CPU
		{452734D0-D638-429E-A1F9-744DD6A02DD1}.Debug|Any CPU.Build.0 = Debug|Any CPU
		{452734D0-D638-429E-A1F9-744DD6A02DD1}.Release|Any CPU.ActiveCfg = Release|Any CPU
		{452734D0-D638-429E-A1F9-744DD6A02DD1}.Release|Any CPU.Build.0 = Release|Any CPU
		{700A4922-C1ED-4117-BB9F-81BEB3A0EABC}.Debug|Any CPU.ActiveCfg = Debug|Any CPU
		{700A4922-C1ED-4117-BB9F-81BEB3A0EABC}.Debug|Any CPU.Build.0 = Debug|Any CPU
		{700A4922-C1ED-4117-BB9F-81BEB3A0EABC}.Release|Any CPU.ActiveCfg = Release|Any CPU
		{700A4922-C1ED-4117-BB9F-81BEB3A0EABC}.Release|Any CPU.Build.0 = Release|Any CPU
		{8CDEEABF-14A1-4D66-8776-C66843115A49}.Debug|Any CPU.ActiveCfg = Debug|Any CPU
		{8CDEEABF-14A1-4D66-8776-C66843115A49}.Debug|Any CPU.Build.0 = Debug|Any CPU
		{8CDEEABF-14A1-4D66-8776-C66843115A49}.Release|Any CPU.ActiveCfg = Release|Any CPU
		{8CDEEABF-14A1-4D66-8776-C66843115A49}.Release|Any CPU.Build.0 = Release|Any CPU
		{20001EA5-908F-47F0-96DE-0BE8DDA9FA70}.Debug|Any CPU.ActiveCfg = Debug|Any CPU
		{20001EA5-908F-47F0-96DE-0BE8DDA9FA70}.Debug|Any CPU.Build.0 = Debug|Any CPU
		{20001EA5-908F-47F0-96DE-0BE8DDA9FA70}.Release|Any CPU.ActiveCfg = Release|Any CPU
		{20001EA5-908F-47F0-96DE-0BE8DDA9FA70}.Release|Any CPU.Build.0 = Release|Any CPU
		{1091DC5C-0C8F-45CB-8FE9-F4FA4A52AA3B}.Debug|Any CPU.ActiveCfg = Debug|Any CPU
		{1091DC5C-0C8F-45CB-8FE9-F4FA4A52AA3B}.Debug|Any CPU.Build.0 = Debug|Any CPU
		{1091DC5C-0C8F-45CB-8FE9-F4FA4A52AA3B}.Release|Any CPU.ActiveCfg = Release|Any CPU
		{1091DC5C-0C8F-45CB-8FE9-F4FA4A52AA3B}.Release|Any CPU.Build.0 = Release|Any CPU
		{A96BCDB3-DFDA-4B10-8EE4-2C2AA2A1D481}.Debug|Any CPU.ActiveCfg = Debug|Any CPU
		{A96BCDB3-DFDA-4B10-8EE4-2C2AA2A1D481}.Debug|Any CPU.Build.0 = Debug|Any CPU
		{A96BCDB3-DFDA-4B10-8EE4-2C2AA2A1D481}.Release|Any CPU.ActiveCfg = Release|Any CPU
		{A96BCDB3-DFDA-4B10-8EE4-2C2AA2A1D481}.Release|Any CPU.Build.0 = Release|Any CPU
		{93B42664-C01C-4681-B980-C08D47A84242}.Debug|Any CPU.ActiveCfg = Debug|Any CPU
		{93B42664-C01C-4681-B980-C08D47A84242}.Debug|Any CPU.Build.0 = Debug|Any CPU
		{93B42664-C01C-4681-B980-C08D47A84242}.Release|Any CPU.ActiveCfg = Release|Any CPU
		{93B42664-C01C-4681-B980-C08D47A84242}.Release|Any CPU.Build.0 = Release|Any CPU
	EndGlobalSection
	GlobalSection(SolutionProperties) = preSolution
		HideSolutionNode = FALSE
	EndGlobalSection
	GlobalSection(NestedProjects) = preSolution
		{93B42664-C01C-4681-B980-C08D47A84242} = {6251FB7A-13A6-48C3-9FAA-A519E7EC95AA}
	EndGlobalSection
	GlobalSection(ExtensibilityGlobals) = postSolution
		SolutionGuid = {4D725170-7E68-46FB-8427-76FB98DA8A48}
	EndGlobalSection
EndGlobal
